// !$*UTF8*$!
{
	archiveVersion = 1;
	classes = {
	};
	objectVersion = 46;
	objects = {

/* Begin PBXBuildFile section */
		334B83031F5E4984006EF5D0 /* STAVCaptureSessionManager.m in Sources */ = {isa = PBXBuildFile; fileRef = 334B82F41F5E4984006EF5D0 /* STAVCaptureSessionManager.m */; };
		334B83041F5E4984006EF5D0 /* CIFilter+CLUT.m in Sources */ = {isa = PBXBuildFile; fileRef = 334B82F71F5E4984006EF5D0 /* CIFilter+CLUT.m */; };
		334B83051F5E4984006EF5D0 /* UIImage+STAdditions.m in Sources */ = {isa = PBXBuildFile; fileRef = 334B82F91F5E4984006EF5D0 /* UIImage+STAdditions.m */; };
		334B83061F5E4984006EF5D0 /* STFilterInfo.m in Sources */ = {isa = PBXBuildFile; fileRef = 334B82FD1F5E4984006EF5D0 /* STFilterInfo.m */; };
		334B83071F5E4984006EF5D0 /* STVideoFilterViewController.m in Sources */ = {isa = PBXBuildFile; fileRef = 334B82FF1F5E4984006EF5D0 /* STVideoFilterViewController.m */; };
		334B830C1F5E49CB006EF5D0 /* Info.plist in Resources */ = {isa = PBXBuildFile; fileRef = 334B83081F5E49CB006EF5D0 /* Info.plist */; };
		334B830D1F5E49CB006EF5D0 /* VFAppDelegate.m in Sources */ = {isa = PBXBuildFile; fileRef = 334B83091F5E49CB006EF5D0 /* VFAppDelegate.m */; };
		334B830E1F5E49CB006EF5D0 /* main.m in Sources */ = {isa = PBXBuildFile; fileRef = 334B830A1F5E49CB006EF5D0 /* main.m */; };
		334B83111F5E4A02006EF5D0 /* Main.storyboard in Resources */ = {isa = PBXBuildFile; fileRef = 334B830F1F5E4A02006EF5D0 /* Main.storyboard */; };
		338470F81F56AED900A5423C /* Assets.xcassets in Resources */ = {isa = PBXBuildFile; fileRef = 338470F71F56AED900A5423C /* Assets.xcassets */; };
		338470FB1F56AED900A5423C /* LaunchScreen.storyboard in Resources */ = {isa = PBXBuildFile; fileRef = 338470F91F56AED900A5423C /* LaunchScreen.storyboard */; };
		338471041F56B52700A5423C /* GLKit.framework in Frameworks */ = {isa = PBXBuildFile; fileRef = 338471031F56B52700A5423C /* GLKit.framework */; };
/* End PBXBuildFile section */

/* Begin PBXFileReference section */
		334B82F31F5E4984006EF5D0 /* STAVCaptureSessionManager.h */ = {isa = PBXFileReference; fileEncoding = 4; lastKnownFileType = sourcecode.c.h; path = STAVCaptureSessionManager.h; sourceTree = "<group>"; };
		334B82F41F5E4984006EF5D0 /* STAVCaptureSessionManager.m */ = {isa = PBXFileReference; fileEncoding = 4; lastKnownFileType = sourcecode.c.objc; path = STAVCaptureSessionManager.m; sourceTree = "<group>"; };
		334B82F61F5E4984006EF5D0 /* CIFilter+CLUT.h */ = {isa = PBXFileReference; fileEncoding = 4; lastKnownFileType = sourcecode.c.h; path = "CIFilter+CLUT.h"; sourceTree = "<group>"; };
		334B82F71F5E4984006EF5D0 /* CIFilter+CLUT.m */ = {isa = PBXFileReference; fileEncoding = 4; lastKnownFileType = sourcecode.c.objc; path = "CIFilter+CLUT.m"; sourceTree = "<group>"; };
		334B82F81F5E4984006EF5D0 /* UIImage+STAdditions.h */ = {isa = PBXFileReference; fileEncoding = 4; lastKnownFileType = sourcecode.c.h; path = "UIImage+STAdditions.h"; sourceTree = "<group>"; };
		334B82F91F5E4984006EF5D0 /* UIImage+STAdditions.m */ = {isa = PBXFileReference; fileEncoding = 4; lastKnownFileType = sourcecode.c.objc; path = "UIImage+STAdditions.m"; sourceTree = "<group>"; };
		334B82FC1F5E4984006EF5D0 /* STFilterInfo.h */ = {isa = PBXFileReference; fileEncoding = 4; lastKnownFileType = sourcecode.c.h; path = STFilterInfo.h; sourceTree = "<group>"; };
		334B82FD1F5E4984006EF5D0 /* STFilterInfo.m */ = {isa = PBXFileReference; fileEncoding = 4; lastKnownFileType = sourcecode.c.objc; path = STFilterInfo.m; sourceTree = "<group>"; };
		334B82FF1F5E4984006EF5D0 /* STVideoFilterViewController.m */ = {isa = PBXFileReference; fileEncoding = 4; lastKnownFileType = sourcecode.c.objc; path = STVideoFilterViewController.m; sourceTree = "<group>"; };
		334B83081F5E49CB006EF5D0 /* Info.plist */ = {isa = PBXFileReference; fileEncoding = 4; lastKnownFileType = text.plist.xml; path = Info.plist; sourceTree = "<group>"; };
		334B83091F5E49CB006EF5D0 /* VFAppDelegate.m */ = {isa = PBXFileReference; fileEncoding = 4; lastKnownFileType = sourcecode.c.objc; path = VFAppDelegate.m; sourceTree = "<group>"; };
		334B830A1F5E49CB006EF5D0 /* main.m */ = {isa = PBXFileReference; fileEncoding = 4; lastKnownFileType = sourcecode.c.objc; path = main.m; sourceTree = "<group>"; };
		334B830B1F5E49CB006EF5D0 /* VFAppDelegate.h */ = {isa = PBXFileReference; fileEncoding = 4; lastKnownFileType = sourcecode.c.h; path = VFAppDelegate.h; sourceTree = "<group>"; };
		334B83101F5E4A02006EF5D0 /* Base */ = {isa = PBXFileReference; lastKnownFileType = file.storyboard; name = Base; path = Base.lproj/Main.storyboard; sourceTree = "<group>"; };
		334B83121F5E4B14006EF5D0 /* STVideoFilterViewController.h */ = {isa = PBXFileReference; fileEncoding = 4; lastKnownFileType = sourcecode.c.h; path = STVideoFilterViewController.h; sourceTree = "<group>"; };
		334B83141F5E5225006EF5D0 /* STCLUTBase64String.h */ = {isa = PBXFileReference; fileEncoding = 4; lastKnownFileType = sourcecode.c.h; path = STCLUTBase64String.h; sourceTree = "<group>"; };
		338470E81F56AED900A5423C /* VideoFilterSample.app */ = {isa = PBXFileReference; explicitFileType = wrapper.application; includeInIndex = 0; path = VideoFilterSample.app; sourceTree = BUILT_PRODUCTS_DIR; };
		338470F71F56AED900A5423C /* Assets.xcassets */ = {isa = PBXFileReference; lastKnownFileType = folder.assetcatalog; path = Assets.xcassets; sourceTree = "<group>"; };
		338470FA1F56AED900A5423C /* Base */ = {isa = PBXFileReference; lastKnownFileType = file.storyboard; name = Base; path = Base.lproj/LaunchScreen.storyboard; sourceTree = "<group>"; };
		338471031F56B52700A5423C /* GLKit.framework */ = {isa = PBXFileReference; lastKnownFileType = wrapper.framework; name = GLKit.framework; path = System/Library/Frameworks/GLKit.framework; sourceTree = SDKROOT; };
		33D768B31F5D00150029437E /* PrefixHeader.pch */ = {isa = PBXFileReference; fileEncoding = 4; lastKnownFileType = sourcecode.c.h; path = PrefixHeader.pch; sourceTree = "<group>"; };
		36F3A06159228074BE388717 /* libPods-VideoFilterTechDemo.a */ = {isa = PBXFileReference; explicitFileType = archive.ar; includeInIndex = 0; path = "libPods-VideoFilterTechDemo.a"; sourceTree = BUILT_PRODUCTS_DIR; };
		9AFD7324209F81BBF943C068 /* Pods-VideoFilterTechDemo.debug.xcconfig */ = {isa = PBXFileReference; includeInIndex = 1; lastKnownFileType = text.xcconfig; name = "Pods-VideoFilterTechDemo.debug.xcconfig"; path = "Pods/Target Support Files/Pods-VideoFilterTechDemo/Pods-VideoFilterTechDemo.debug.xcconfig"; sourceTree = "<group>"; };
		CEBAC7AF48D833FC6C6B1B2E /* Pods-VideoFilterTechDemo.release.xcconfig */ = {isa = PBXFileReference; includeInIndex = 1; lastKnownFileType = text.xcconfig; name = "Pods-VideoFilterTechDemo.release.xcconfig"; path = "Pods/Target Support Files/Pods-VideoFilterTechDemo/Pods-VideoFilterTechDemo.release.xcconfig"; sourceTree = "<group>"; };
/* End PBXFileReference section */

/* Begin PBXFrameworksBuildPhase section */
		338470E51F56AED900A5423C /* Frameworks */ = {
			isa = PBXFrameworksBuildPhase;
			buildActionMask = 2147483647;
			files = (
				338471041F56B52700A5423C /* GLKit.framework in Frameworks */,
			);
			runOnlyForDeploymentPostprocessing = 0;
		};
/* End PBXFrameworksBuildPhase section */

/* Begin PBXGroup section */
		180C063B30E30BC00FDA6A3E /* Pods */ = {
			isa = PBXGroup;
			children = (
				9AFD7324209F81BBF943C068 /* Pods-VideoFilterTechDemo.debug.xcconfig */,
				CEBAC7AF48D833FC6C6B1B2E /* Pods-VideoFilterTechDemo.release.xcconfig */,
			);
			name = Pods;
			sourceTree = "<group>";
		};
		334B82F21F5E4984006EF5D0 /* STAVCaptureSessionManager */ = {
			isa = PBXGroup;
			children = (
				334B82F31F5E4984006EF5D0 /* STAVCaptureSessionManager.h */,
				334B82F41F5E4984006EF5D0 /* STAVCaptureSessionManager.m */,
			);
			path = STAVCaptureSessionManager;
			sourceTree = "<group>";
		};
		334B82F51F5E4984006EF5D0 /* Category */ = {
			isa = PBXGroup;
			children = (
				334B82F61F5E4984006EF5D0 /* CIFilter+CLUT.h */,
				334B82F71F5E4984006EF5D0 /* CIFilter+CLUT.m */,
				334B82F81F5E4984006EF5D0 /* UIImage+STAdditions.h */,
				334B82F91F5E4984006EF5D0 /* UIImage+STAdditions.m */,
			);
			path = Category;
			sourceTree = "<group>";
		};
		334B83131F5E5225006EF5D0 /* STCLUTBase64String */ = {
			isa = PBXGroup;
			children = (
				334B83141F5E5225006EF5D0 /* STCLUTBase64String.h */,
			);
			path = STCLUTBase64String;
			sourceTree = "<group>";
		};
		338470DF1F56AED900A5423C = {
			isa = PBXGroup;
			children = (
				338470EA1F56AED900A5423C /* VideoFilterSample */,
				338470E91F56AED900A5423C /* Products */,
				338471021F56B52700A5423C /* Frameworks */,
				180C063B30E30BC00FDA6A3E /* Pods */,
			);
			sourceTree = "<group>";
		};
		338470E91F56AED900A5423C /* Products */ = {
			isa = PBXGroup;
			children = (
				338470E81F56AED900A5423C /* VideoFilterSample.app */,
			);
			name = Products;
			sourceTree = "<group>";
		};
		338470EA1F56AED900A5423C /* VideoFilterSample */ = {
			isa = PBXGroup;
			children = (
				334B83131F5E5225006EF5D0 /* STCLUTBase64String */,
				334B82F21F5E4984006EF5D0 /* STAVCaptureSessionManager */,
				334B82F51F5E4984006EF5D0 /* Category */,
				334B82FC1F5E4984006EF5D0 /* STFilterInfo.h */,
				334B82FD1F5E4984006EF5D0 /* STFilterInfo.m */,
				334B83121F5E4B14006EF5D0 /* STVideoFilterViewController.h */,
				334B82FF1F5E4984006EF5D0 /* STVideoFilterViewController.m */,
				338470F71F56AED900A5423C /* Assets.xcassets */,
				338470F91F56AED900A5423C /* LaunchScreen.storyboard */,
				334B830F1F5E4A02006EF5D0 /* Main.storyboard */,
				338470EB1F56AED900A5423C /* Supporting Files */,
			);
			name = VideoFilterSample;
			path = VideoFilterTechDemo;
			sourceTree = "<group>";
		};
		338470EB1F56AED900A5423C /* Supporting Files */ = {
			isa = PBXGroup;
			children = (
				33D768B31F5D00150029437E /* PrefixHeader.pch */,
				334B83081F5E49CB006EF5D0 /* Info.plist */,
				334B83091F5E49CB006EF5D0 /* VFAppDelegate.m */,
				334B830A1F5E49CB006EF5D0 /* main.m */,
				334B830B1F5E49CB006EF5D0 /* VFAppDelegate.h */,
			);
			name = "Supporting Files";
			sourceTree = "<group>";
		};
		338471021F56B52700A5423C /* Frameworks */ = {
			isa = PBXGroup;
			children = (
				338471031F56B52700A5423C /* GLKit.framework */,
				36F3A06159228074BE388717 /* libPods-VideoFilterTechDemo.a */,
			);
			name = Frameworks;
			sourceTree = "<group>";
		};
/* End PBXGroup section */

/* Begin PBXNativeTarget section */
		338470E71F56AED900A5423C /* VideoFilterSample */ = {
			isa = PBXNativeTarget;
			buildConfigurationList = 338470FF1F56AED900A5423C /* Build configuration list for PBXNativeTarget "VideoFilterSample" */;
			buildPhases = (
				338470E41F56AED900A5423C /* Sources */,
				338470E51F56AED900A5423C /* Frameworks */,
				338470E61F56AED900A5423C /* Resources */,
			);
			buildRules = (
			);
			dependencies = (
			);
			name = VideoFilterSample;
			productName = VideoFilterTechDemo;
			productReference = 338470E81F56AED900A5423C /* VideoFilterSample.app */;
			productType = "com.apple.product-type.application";
		};
/* End PBXNativeTarget section */

/* Begin PBXProject section */
		338470E01F56AED900A5423C /* Project object */ = {
			isa = PBXProject;
			attributes = {
				LastUpgradeCheck = 0830;
				ORGANIZATIONNAME = samingzhong;
				TargetAttributes = {
					338470E71F56AED900A5423C = {
						CreatedOnToolsVersion = 8.3.3;
						DevelopmentTeam = Q4J4V8H839;
						ProvisioningStyle = Automatic;
					};
				};
			};
			buildConfigurationList = 338470E31F56AED900A5423C /* Build configuration list for PBXProject "VideoFilterSample" */;
			compatibilityVersion = "Xcode 3.2";
			developmentRegion = English;
			hasScannedForEncodings = 0;
			knownRegions = (
				en,
				Base,
			);
			mainGroup = 338470DF1F56AED900A5423C;
			productRefGroup = 338470E91F56AED900A5423C /* Products */;
			projectDirPath = "";
			projectRoot = "";
			targets = (
				338470E71F56AED900A5423C /* VideoFilterSample */,
			);
		};
/* End PBXProject section */

/* Begin PBXResourcesBuildPhase section */
		338470E61F56AED900A5423C /* Resources */ = {
			isa = PBXResourcesBuildPhase;
			buildActionMask = 2147483647;
			files = (
				338470FB1F56AED900A5423C /* LaunchScreen.storyboard in Resources */,
				338470F81F56AED900A5423C /* Assets.xcassets in Resources */,
				334B830C1F5E49CB006EF5D0 /* Info.plist in Resources */,
				334B83111F5E4A02006EF5D0 /* Main.storyboard in Resources */,
			);
			runOnlyForDeploymentPostprocessing = 0;
		};
/* End PBXResourcesBuildPhase section */

/* Begin PBXSourcesBuildPhase section */
		338470E41F56AED900A5423C /* Sources */ = {
			isa = PBXSourcesBuildPhase;
			buildActionMask = 2147483647;
			files = (
				334B83051F5E4984006EF5D0 /* UIImage+STAdditions.m in Sources */,
				334B83031F5E4984006EF5D0 /* STAVCaptureSessionManager.m in Sources */,
				334B830D1F5E49CB006EF5D0 /* VFAppDelegate.m in Sources */,
				334B83071F5E4984006EF5D0 /* STVideoFilterViewController.m in Sources */,
				334B83061F5E4984006EF5D0 /* STFilterInfo.m in Sources */,
				334B830E1F5E49CB006EF5D0 /* main.m in Sources */,
				334B83041F5E4984006EF5D0 /* CIFilter+CLUT.m in Sources */,
			);
			runOnlyForDeploymentPostprocessing = 0;
		};
/* End PBXSourcesBuildPhase section */

/* Begin PBXVariantGroup section */
		334B830F1F5E4A02006EF5D0 /* Main.storyboard */ = {
			isa = PBXVariantGroup;
			children = (
				334B83101F5E4A02006EF5D0 /* Base */,
			);
			name = Main.storyboard;
			sourceTree = "<group>";
		};
		338470F91F56AED900A5423C /* LaunchScreen.storyboard */ = {
			isa = PBXVariantGroup;
			children = (
				338470FA1F56AED900A5423C /* Base */,
			);
			name = LaunchScreen.storyboard;
			sourceTree = "<group>";
		};
/* End PBXVariantGroup section */

/* Begin XCBuildConfiguration section */
		338470FD1F56AED900A5423C /* Debug */ = {
			isa = XCBuildConfiguration;
			buildSettings = {
				ALWAYS_SEARCH_USER_PATHS = NO;
				CLANG_ANALYZER_NONNULL = YES;
				CLANG_ANALYZER_NUMBER_OBJECT_CONVERSION = YES_AGGRESSIVE;
				CLANG_CXX_LANGUAGE_STANDARD = "gnu++0x";
				CLANG_CXX_LIBRARY = "libc++";
				CLANG_ENABLE_MODULES = YES;
				CLANG_ENABLE_OBJC_ARC = YES;
				CLANG_WARN_BOOL_CONVERSION = YES;
				CLANG_WARN_CONSTANT_CONVERSION = YES;
				CLANG_WARN_DIRECT_OBJC_ISA_USAGE = YES_ERROR;
				CLANG_WARN_DOCUMENTATION_COMMENTS = YES;
				CLANG_WARN_EMPTY_BODY = YES;
				CLANG_WARN_ENUM_CONVERSION = YES;
				CLANG_WARN_INFINITE_RECURSION = YES;
				CLANG_WARN_INT_CONVERSION = YES;
				CLANG_WARN_OBJC_ROOT_CLASS = YES_ERROR;
				CLANG_WARN_SUSPICIOUS_MOVE = YES;
				CLANG_WARN_UNREACHABLE_CODE = YES;
				CLANG_WARN__DUPLICATE_METHOD_MATCH = YES;
				"CODE_SIGN_IDENTITY[sdk=iphoneos*]" = "iPhone Developer";
				COPY_PHASE_STRIP = NO;
				DEBUG_INFORMATION_FORMAT = dwarf;
				ENABLE_STRICT_OBJC_MSGSEND = YES;
				ENABLE_TESTABILITY = YES;
				GCC_C_LANGUAGE_STANDARD = gnu99;
				GCC_DYNAMIC_NO_PIC = NO;
				GCC_NO_COMMON_BLOCKS = YES;
				GCC_OPTIMIZATION_LEVEL = 0;
				GCC_PREPROCESSOR_DEFINITIONS = (
					"DEBUG=1",
					"$(inherited)",
				);
				GCC_WARN_64_TO_32_BIT_CONVERSION = YES;
				GCC_WARN_ABOUT_RETURN_TYPE = YES_ERROR;
				GCC_WARN_UNDECLARED_SELECTOR = YES;
				GCC_WARN_UNINITIALIZED_AUTOS = YES_AGGRESSIVE;
				GCC_WARN_UNUSED_FUNCTION = YES;
				GCC_WARN_UNUSED_VARIABLE = YES;
				IPHONEOS_DEPLOYMENT_TARGET = 10.3;
				MTL_ENABLE_DEBUG_INFO = YES;
				ONLY_ACTIVE_ARCH = YES;
				SDKROOT = iphoneos;
			};
			name = Debug;
		};
		338470FE1F56AED900A5423C /* Release */ = {
			isa = XCBuildConfiguration;
			buildSettings = {
				ALWAYS_SEARCH_USER_PATHS = NO;
				CLANG_ANALYZER_NONNULL = YES;
				CLANG_ANALYZER_NUMBER_OBJECT_CONVERSION = YES_AGGRESSIVE;
				CLANG_CXX_LANGUAGE_STANDARD = "gnu++0x";
				CLANG_CXX_LIBRARY = "libc++";
				CLANG_ENABLE_MODULES = YES;
				CLANG_ENABLE_OBJC_ARC = YES;
				CLANG_WARN_BOOL_CONVERSION = YES;
				CLANG_WARN_CONSTANT_CONVERSION = YES;
				CLANG_WARN_DIRECT_OBJC_ISA_USAGE = YES_ERROR;
				CLANG_WARN_DOCUMENTATION_COMMENTS = YES;
				CLANG_WARN_EMPTY_BODY = YES;
				CLANG_WARN_ENUM_CONVERSION = YES;
				CLANG_WARN_INFINITE_RECURSION = YES;
				CLANG_WARN_INT_CONVERSION = YES;
				CLANG_WARN_OBJC_ROOT_CLASS = YES_ERROR;
				CLANG_WARN_SUSPICIOUS_MOVE = YES;
				CLANG_WARN_UNREACHABLE_CODE = YES;
				CLANG_WARN__DUPLICATE_METHOD_MATCH = YES;
				"CODE_SIGN_IDENTITY[sdk=iphoneos*]" = "iPhone Developer";
				COPY_PHASE_STRIP = NO;
				DEBUG_INFORMATION_FORMAT = "dwarf-with-dsym";
				ENABLE_NS_ASSERTIONS = NO;
				ENABLE_STRICT_OBJC_MSGSEND = YES;
				GCC_C_LANGUAGE_STANDARD = gnu99;
				GCC_NO_COMMON_BLOCKS = YES;
				GCC_WARN_64_TO_32_BIT_CONVERSION = YES;
				GCC_WARN_ABOUT_RETURN_TYPE = YES_ERROR;
				GCC_WARN_UNDECLARED_SELECTOR = YES;
				GCC_WARN_UNINITIALIZED_AUTOS = YES_AGGRESSIVE;
				GCC_WARN_UNUSED_FUNCTION = YES;
				GCC_WARN_UNUSED_VARIABLE = YES;
				IPHONEOS_DEPLOYMENT_TARGET = 10.3;
				MTL_ENABLE_DEBUG_INFO = NO;
				SDKROOT = iphoneos;
				VALIDATE_PRODUCT = YES;
			};
			name = Release;
		};
		338471001F56AED900A5423C /* Debug */ = {
			isa = XCBuildConfiguration;
			baseConfigurationReference = 9AFD7324209F81BBF943C068 /* Pods-VideoFilterTechDemo.debug.xcconfig */;
			buildSettings = {
				ASSETCATALOG_COMPILER_APPICON_NAME = AppIcon;
				DEVELOPMENT_TEAM = Q4J4V8H839;
				GCC_PREFIX_HEADER = "$(SRCROOT)/VideoFilterTechDemo/PrefixHeader.pch";
				INFOPLIST_FILE = VideoFilterTechDemo/Info.plist;
				IPHONEOS_DEPLOYMENT_TARGET = 8.0;
				LD_RUNPATH_SEARCH_PATHS = "$(inherited) @executable_path/Frameworks";
				PRODUCT_BUNDLE_IDENTIFIER = com.samingzhong.VideoFilterTechDemo;
				PRODUCT_NAME = "$(TARGET_NAME)";
			};
			name = Debug;
		};
		338471011F56AED900A5423C /* Release */ = {
			isa = XCBuildConfiguration;
			baseConfigurationReference = CEBAC7AF48D833FC6C6B1B2E /* Pods-VideoFilterTechDemo.release.xcconfig */;
			buildSettings = {
				ASSETCATALOG_COMPILER_APPICON_NAME = AppIcon;
				DEVELOPMENT_TEAM = Q4J4V8H839;
				GCC_PREFIX_HEADER = "$(SRCROOT)/VideoFilterTechDemo/PrefixHeader.pch";
				INFOPLIST_FILE = VideoFilterTechDemo/Info.plist;
				IPHONEOS_DEPLOYMENT_TARGET = 8.0;
				LD_RUNPATH_SEARCH_PATHS = "$(inherited) @executable_path/Frameworks";
				PRODUCT_BUNDLE_IDENTIFIER = com.samingzhong.VideoFilterTechDemo;
				PRODUCT_NAME = "$(TARGET_NAME)";
			};
			name = Release;
		};
/* End XCBuildConfiguration section */

/* Begin XCConfigurationList section */
		338470E31F56AED900A5423C /* Build configuration list for PBXProject "VideoFilterSample" */ = {
			isa = XCConfigurationList;
			buildConfigurations = (
				338470FD1F56AED900A5423C /* Debug */,
				338470FE1F56AED900A5423C /* Release */,
			);
			defaultConfigurationIsVisible = 0;
			defaultConfigurationName = Release;
		};
		338470FF1F56AED900A5423C /* Build configuration list for PBXNativeTarget "VideoFilterSample" */ = {
			isa = XCConfigurationList;
			buildConfigurations = (
				338471001F56AED900A5423C /* Debug */,
				338471011F56AED900A5423C /* Release */,
			);
			defaultConfigurationIsVisible = 0;
			defaultConfigurationName = Release;
		};
/* End XCConfigurationList section */
	};
	rootObject = 338470E01F56AED900A5423C /* Project object */;
}
