// !$*UTF8*$!
{
	archiveVersion = 1;
	classes = {
	};
	objectVersion = 46;
	objects = {

/* Begin PBXBuildFile section */
		338470ED1F56AED900A5423C /* main.m in Sources */ = {isa = PBXBuildFile; fileRef = 338470EC1F56AED900A5423C /* main.m */; };
		338470F01F56AED900A5423C /* AppDelegate.m in Sources */ = {isa = PBXBuildFile; fileRef = 338470EF1F56AED900A5423C /* AppDelegate.m */; };
		338470F31F56AED900A5423C /* ViewController.m in Sources */ = {isa = PBXBuildFile; fileRef = 338470F21F56AED900A5423C /* ViewController.m */; };
		338470F61F56AED900A5423C /* Main.storyboard in Resources */ = {isa = PBXBuildFile; fileRef = 338470F41F56AED900A5423C /* Main.storyboard */; };
		338470F81F56AED900A5423C /* Assets.xcassets in Resources */ = {isa = PBXBuildFile; fileRef = 338470F71F56AED900A5423C /* Assets.xcassets */; };
		338470FB1F56AED900A5423C /* LaunchScreen.storyboard in Resources */ = {isa = PBXBuildFile; fileRef = 338470F91F56AED900A5423C /* LaunchScreen.storyboard */; };
/* End PBXBuildFile section */

/* Begin PBXFileReference section */
		338470E81F56AED900A5423C /* VideoFilterTechDemo.app */ = {isa = PBXFileReference; explicitFileType = wrapper.application; includeInIndex = 0; path = VideoFilterTechDemo.app; sourceTree = BUILT_PRODUCTS_DIR; };
		338470EC1F56AED900A5423C /* main.m */ = {isa = PBXFileReference; lastKnownFileType = sourcecode.c.objc; path = main.m; sourceTree = "<group>"; };
		338470EE1F56AED900A5423C /* AppDelegate.h */ = {isa = PBXFileReference; lastKnownFileType = sourcecode.c.h; path = AppDelegate.h; sourceTree = "<group>"; };
		338470EF1F56AED900A5423C /* AppDelegate.m */ = {isa = PBXFileReference; lastKnownFileType = sourcecode.c.objc; path = AppDelegate.m; sourceTree = "<group>"; };
		338470F11F56AED900A5423C /* ViewController.h */ = {isa = PBXFileReference; lastKnownFileType = sourcecode.c.h; path = ViewController.h; sourceTree = "<group>"; };
		338470F21F56AED900A5423C /* ViewController.m */ = {isa = PBXFileReference; lastKnownFileType = sourcecode.c.objc; path = ViewController.m; sourceTree = "<group>"; };
		338470F51F56AED900A5423C /* Base */ = {isa = PBXFileReference; lastKnownFileType = file.storyboard; name = Base; path = Base.lproj/Main.storyboard; sourceTree = "<group>"; };
		338470F71F56AED900A5423C /* Assets.xcassets */ = {isa = PBXFileReference; lastKnownFileType = folder.assetcatalog; path = Assets.xcassets; sourceTree = "<group>"; };
		338470FA1F56AED900A5423C /* Base */ = {isa = PBXFileReference; lastKnownFileType = file.storyboard; name = Base; path = Base.lproj/LaunchScreen.storyboard; sourceTree = "<group>"; };
		338470FC1F56AED900A5423C /* Info.plist */ = {isa = PBXFileReference; lastKnownFileType = text.plist.xml; path = Info.plist; sourceTree = "<group>"; };
/* End PBXFileReference section */

/* Begin PBXFrameworksBuildPhase section */
		338470E51F56AED900A5423C /* Frameworks */ = {
			isa = PBXFrameworksBuildPhase;
			buildActionMask = 2147483647;
			files = (
			);
			runOnlyForDeploymentPostprocessing = 0;
		};
/* End PBXFrameworksBuildPhase section */

/* Begin PBXGroup section */
		338470DF1F56AED900A5423C = {
			isa = PBXGroup;
			children = (
				338470EA1F56AED900A5423C /* VideoFilterTechDemo */,
				338470E91F56AED900A5423C /* Products */,
			);
			sourceTree = "<group>";
		};
		338470E91F56AED900A5423C /* Products */ = {
			isa = PBXGroup;
			children = (
				338470E81F56AED900A5423C /* VideoFilterTechDemo.app */,
			);
			name = Products;
			sourceTree = "<group>";
		};
		338470EA1F56AED900A5423C /* VideoFilterTechDemo */ = {
			isa = PBXGroup;
			children = (
				338470EE1F56AED900A5423C /* AppDelegate.h */,
				338470EF1F56AED900A5423C /* AppDelegate.m */,
				338470F11F56AED900A5423C /* ViewController.h */,
				338470F21F56AED900A5423C /* ViewController.m */,
				338470F41F56AED900A5423C /* Main.storyboard */,
				338470F71F56AED900A5423C /* Assets.xcassets */,
				338470F91F56AED900A5423C /* LaunchScreen.storyboard */,
				338470FC1F56AED900A5423C /* Info.plist */,
				338470EB1F56AED900A5423C /* Supporting Files */,
			);
			path = VideoFilterTechDemo;
			sourceTree = "<group>";
		};
		338470EB1F56AED900A5423C /* Supporting Files */ = {
			isa = PBXGroup;
			children = (
				338470EC1F56AED900A5423C /* main.m */,
			);
			name = "Supporting Files";
			sourceTree = "<group>";
		};
/* End PBXGroup section */

/* Begin PBXNativeTarget section */
		338470E71F56AED900A5423C /* VideoFilterTechDemo */ = {
			isa = PBXNativeTarget;
			buildConfigurationList = 338470FF1F56AED900A5423C /* Build configuration list for PBXNativeTarget "VideoFilterTechDemo" */;
			buildPhases = (
				338470E41F56AED900A5423C /* Sources */,
				338470E51F56AED900A5423C /* Frameworks */,
				338470E61F56AED900A5423C /* Resources */,
			);
			buildRules = (
			);
			dependencies = (
			);
			name = VideoFilterTechDemo;
			productName = VideoFilterTechDemo;
			productReference = 338470E81F56AED900A5423C /* VideoFilterTechDemo.app */;
			productType = "com.apple.product-type.application";
		};
/* End PBXNativeTarget section */

/* Begin PBXProject section */
		338470E01F56AED900A5423C /* Project object */ = {
			isa = PBXProject;
			attributes = {
				LastUpgradeCheck = 0830;
				ORGANIZATIONNAME = samingzhong;
				TargetAttributes = {
					338470E71F56AED900A5423C = {
						CreatedOnToolsVersion = 8.3.3;
						DevelopmentTeam = Q4J4V8H839;
						ProvisioningStyle = Automatic;
					};
				};
			};
			buildConfigurationList = 338470E31F56AED900A5423C /* Build configuration list for PBXProject "VideoFilterTechDemo" */;
			compatibilityVersion = "Xcode 3.2";
			developmentRegion = English;
			hasScannedForEncodings = 0;
			knownRegions = (
				en,
				Base,
			);
			mainGroup = 338470DF1F56AED900A5423C;
			productRefGroup = 338470E91F56AED900A5423C /* Products */;
			projectDirPath = "";
			projectRoot = "";
			targets = (
				338470E71F56AED900A5423C /* VideoFilterTechDemo */,
			);
		};
/* End PBXProject section */

/* Begin PBXResourcesBuildPhase section */
		338470E61F56AED900A5423C /* Resources */ = {
			isa = PBXResourcesBuildPhase;
			buildActionMask = 2147483647;
			files = (
				338470FB1F56AED900A5423C /* LaunchScreen.storyboard in Resources */,
				338470F81F56AED900A5423C /* Assets.xcassets in Resources */,
				338470F61F56AED900A5423C /* Main.storyboard in Resources */,
			);
			runOnlyForDeploymentPostprocessing = 0;
		};
/* End PBXResourcesBuildPhase section */

/* Begin PBXSourcesBuildPhase section */
		338470E41F56AED900A5423C /* Sources */ = {
			isa = PBXSourcesBuildPhase;
			buildActionMask = 2147483647;
			files = (
				338470F31F56AED900A5423C /* ViewController.m in Sources */,
				338470F01F56AED900A5423C /* AppDelegate.m in Sources */,
				338470ED1F56AED900A5423C /* main.m in Sources */,
			);
			runOnlyForDeploymentPostprocessing = 0;
		};
/* End PBXSourcesBuildPhase section */

/* Begin PBXVariantGroup section */
		338470F41F56AED900A5423C /* Main.storyboard */ = {
			isa = PBXVariantGroup;
			children = (
				338470F51F56AED900A5423C /* Base */,
			);
			name = Main.storyboard;
			sourceTree = "<group>";
		};
		338470F91F56AED900A5423C /* LaunchScreen.storyboard */ = {
			isa = PBXVariantGroup;
			children = (
				338470FA1F56AED900A5423C /* Base */,
			);
			name = LaunchScreen.storyboard;
			sourceTree = "<group>";
		};
/* End PBXVariantGroup section */

/* Begin XCBuildConfiguration section */
		338470FD1F56AED900A5423C /* Debug */ = {
			isa = XCBuildConfiguration;
			buildSettings = {
				ALWAYS_SEARCH_USER_PATHS = NO;
				CLANG_ANALYZER_NONNULL = YES;
				CLANG_ANALYZER_NUMBER_OBJECT_CONVERSION = YES_AGGRESSIVE;
				CLANG_CXX_LANGUAGE_STANDARD = "gnu++0x";
				CLANG_CXX_LIBRARY = "libc++";
				CLANG_ENABLE_MODULES = YES;
				CLANG_ENABLE_OBJC_ARC = YES;
				CLANG_WARN_BOOL_CONVERSION = YES;
				CLANG_WARN_CONSTANT_CONVERSION = YES;
				CLANG_WARN_DIRECT_OBJC_ISA_USAGE = YES_ERROR;
				CLANG_WARN_DOCUMENTATION_COMMENTS = YES;
				CLANG_WARN_EMPTY_BODY = YES;
				CLANG_WARN_ENUM_CONVERSION = YES;
				CLANG_WARN_INFINITE_RECURSION = YES;
				CLANG_WARN_INT_CONVERSION = YES;
				CLANG_WARN_OBJC_ROOT_CLASS = YES_ERROR;
				CLANG_WARN_SUSPICIOUS_MOVE = YES;
				CLANG_WARN_UNREACHABLE_CODE = YES;
				CLANG_WARN__DUPLICATE_METHOD_MATCH = YES;
				"CODE_SIGN_IDENTITY[sdk=iphoneos*]" = "iPhone Developer";
				COPY_PHASE_STRIP = NO;
				DEBUG_INFORMATION_FORMAT = dwarf;
				ENABLE_STRICT_OBJC_MSGSEND = YES;
				ENABLE_TESTABILITY = YES;
				GCC_C_LANGUAGE_STANDARD = gnu99;
				GCC_DYNAMIC_NO_PIC = NO;
				GCC_NO_COMMON_BLOCKS = YES;
				GCC_OPTIMIZATION_LEVEL = 0;
				GCC_PREPROCESSOR_DEFINITIONS = (
					"DEBUG=1",
					"$(inherited)",
				);
				GCC_WARN_64_TO_32_BIT_CONVERSION = YES;
				GCC_WARN_ABOUT_RETURN_TYPE = YES_ERROR;
				GCC_WARN_UNDECLARED_SELECTOR = YES;
				GCC_WARN_UNINITIALIZED_AUTOS = YES_AGGRESSIVE;
				GCC_WARN_UNUSED_FUNCTION = YES;
				GCC_WARN_UNUSED_VARIABLE = YES;
				IPHONEOS_DEPLOYMENT_TARGET = 10.3;
				MTL_ENABLE_DEBUG_INFO = YES;
				ONLY_ACTIVE_ARCH = YES;
				SDKROOT = iphoneos;
			};
			name = Debug;
		};
		338470FE1F56AED900A5423C /* Release */ = {
			isa = XCBuildConfiguration;
			buildSettings = {
				ALWAYS_SEARCH_USER_PATHS = NO;
				CLANG_ANALYZER_NONNULL = YES;
				CLANG_ANALYZER_NUMBER_OBJECT_CONVERSION = YES_AGGRESSIVE;
				CLANG_CXX_LANGUAGE_STANDARD = "gnu++0x";
				CLANG_CXX_LIBRARY = "libc++";
				CLANG_ENABLE_MODULES = YES;
				CLANG_ENABLE_OBJC_ARC = YES;
				CLANG_WARN_BOOL_CONVERSION = YES;
				CLANG_WARN_CONSTANT_CONVERSION = YES;
				CLANG_WARN_DIRECT_OBJC_ISA_USAGE = YES_ERROR;
				CLANG_WARN_DOCUMENTATION_COMMENTS = YES;
				CLANG_WARN_EMPTY_BODY = YES;
				CLANG_WARN_ENUM_CONVERSION = YES;
				CLANG_WARN_INFINITE_RECURSION = YES;
				CLANG_WARN_INT_CONVERSION = YES;
				CLANG_WARN_OBJC_ROOT_CLASS = YES_ERROR;
				CLANG_WARN_SUSPICIOUS_MOVE = YES;
				CLANG_WARN_UNREACHABLE_CODE = YES;
				CLANG_WARN__DUPLICATE_METHOD_MATCH = YES;
				"CODE_SIGN_IDENTITY[sdk=iphoneos*]" = "iPhone Developer";
				COPY_PHASE_STRIP = NO;
				DEBUG_INFORMATION_FORMAT = "dwarf-with-dsym";
				ENABLE_NS_ASSERTIONS = NO;
				ENABLE_STRICT_OBJC_MSGSEND = YES;
				GCC_C_LANGUAGE_STANDARD = gnu99;
				GCC_NO_COMMON_BLOCKS = YES;
				GCC_WARN_64_TO_32_BIT_CONVERSION = YES;
				GCC_WARN_ABOUT_RETURN_TYPE = YES_ERROR;
				GCC_WARN_UNDECLARED_SELECTOR = YES;
				GCC_WARN_UNINITIALIZED_AUTOS = YES_AGGRESSIVE;
				GCC_WARN_UNUSED_FUNCTION = YES;
				GCC_WARN_UNUSED_VARIABLE = YES;
				IPHONEOS_DEPLOYMENT_TARGET = 10.3;
				MTL_ENABLE_DEBUG_INFO = NO;
				SDKROOT = iphoneos;
				VALIDATE_PRODUCT = YES;
			};
			name = Release;
		};
		338471001F56AED900A5423C /* Debug */ = {
			isa = XCBuildConfiguration;
			buildSettings = {
				ASSETCATALOG_COMPILER_APPICON_NAME = AppIcon;
				DEVELOPMENT_TEAM = Q4J4V8H839;
				INFOPLIST_FILE = VideoFilterTechDemo/Info.plist;
				LD_RUNPATH_SEARCH_PATHS = "$(inherited) @executable_path/Frameworks";
				PRODUCT_BUNDLE_IDENTIFIER = com.samingzhong.VideoFilterTechDemo;
				PRODUCT_NAME = "$(TARGET_NAME)";
			};
			name = Debug;
		};
		338471011F56AED900A5423C /* Release */ = {
			isa = XCBuildConfiguration;
			buildSettings = {
				ASSETCATALOG_COMPILER_APPICON_NAME = AppIcon;
				DEVELOPMENT_TEAM = Q4J4V8H839;
				INFOPLIST_FILE = VideoFilterTechDemo/Info.plist;
				LD_RUNPATH_SEARCH_PATHS = "$(inherited) @executable_path/Frameworks";
				PRODUCT_BUNDLE_IDENTIFIER = com.samingzhong.VideoFilterTechDemo;
				PRODUCT_NAME = "$(TARGET_NAME)";
			};
			name = Release;
		};
/* End XCBuildConfiguration section */

/* Begin XCConfigurationList section */
		338470E31F56AED900A5423C /* Build configuration list for PBXProject "VideoFilterTechDemo" */ = {
			isa = XCConfigurationList;
			buildConfigurations = (
				338470FD1F56AED900A5423C /* Debug */,
				338470FE1F56AED900A5423C /* Release */,
			);
			defaultConfigurationIsVisible = 0;
			defaultConfigurationName = Release;
		};
		338470FF1F56AED900A5423C /* Build configuration list for PBXNativeTarget "VideoFilterTechDemo" */ = {
			isa = XCConfigurationList;
			buildConfigurations = (
				338471001F56AED900A5423C /* Debug */,
				338471011F56AED900A5423C /* Release */,
			);
			defaultConfigurationIsVisible = 0;
		};
/* End XCConfigurationList section */
	};
	rootObject = 338470E01F56AED900A5423C /* Project object */;
}
